{
  "name": "platforms-node",
  "version": "1.0.0",
  "lockfileVersion": 3,
  "requires": true,
  "packages": {
    "": {
      "name": "platforms-node",
      "version": "1.0.0",
      "license": "ISC",
      "dependencies": {
        "@alexadutov/platforms": "^1.0.0"
      }
    },
    "node_modules/@alexadutov/platforms": {
      "version": "1.0.0",
      "resolved": "https://npm.pkg.github.com/download/@alexadutov/platforms/1.0.0/947607d8461fc9557333c5b853db61b0ef170509",
      "integrity": "sha512-ar2TppR9SCBI/vWnHipx4PGa90olMR/MI667pnNQFvj5JgnFfzAvs0rJ2SRKbQ1pOLkKWyOnHRLeofbqGp2svg==",
      "license": "ISC"
    }
  }
}
